
Microsoft Visual Studio Solution File, Format Version 12.00
# Visual Studio Version 17
VisualStudioVersion = 17.9.34607.119
MinimumVisualStudioVersion = 10.0.40219.1
Project("{2150E333-8FDC-42A3-9474-1A3956D46DE8}") = "Services", "Services", "{BE3EACFA-EFAF-439F-8B53-3E97A8979DDE}"
EndProject
Project("{2150E333-8FDC-42A3-9474-1A3956D46DE8}") = "Catalog", "Catalog", "{844239B3-1398-4F09-948F-3DDC67F5E101}"
EndProject
Project("{FAE04EC0-301F-11D3-BF4B-00C04F79EFBC}") = "Catalog.API", "Services\Catalog\Catalog.API\Catalog.API.csproj", "{3F82EAB1-9CB1-4689-80D0-363CA431397A}"
EndProject
Global
	GlobalSection(SolutionConfigurationPlatforms) = preSolution
		Debug|Any CPU = Debug|Any CPU
		Release|Any CPU = Release|Any CPU
	EndGlobalSection
	GlobalSection(ProjectConfigurationPlatforms) = postSolution
		{3F82EAB1-9CB1-4689-80D0-363CA431397A}.Debug|Any CPU.ActiveCfg = Debug|Any CPU
		{3F82EAB1-9CB1-4689-80D0-363CA431397A}.Debug|Any CPU.Build.0 = Debug|Any CPU
		{3F82EAB1-9CB1-4689-80D0-363CA431397A}.Release|Any CPU.ActiveCfg = Release|Any CPU
		{3F82EAB1-9CB1-4689-80D0-363CA431397A}.Release|Any CPU.Build.0 = Release|Any CPU
	EndGlobalSection
	GlobalSection(SolutionProperties) = preSolution
		HideSolutionNode = FALSE
	EndGlobalSection
	GlobalSection(NestedProjects) = preSolution
		{844239B3-1398-4F09-948F-3DDC67F5E101} = {BE3EACFA-EFAF-439F-8B53-3E97A8979DDE}
		{3F82EAB1-9CB1-4689-80D0-363CA431397A} = {844239B3-1398-4F09-948F-3DDC67F5E101}
	EndGlobalSection
	GlobalSection(ExtensibilityGlobals) = postSolution
		SolutionGuid = {1776FB52-F1C2-4087-BB7D-BA54E5D818E8}
	EndGlobalSection
EndGlobal
